// !$*UTF8*$!
{
	archiveVersion = 1;
	classes = {
	};
	objectVersion = 50;
	objects = {

/* Begin PBXBuildFile section */
		D43FF87A2208524F005AB11F /* AppDelegate.swift in Sources */ = {isa = PBXBuildFile; fileRef = D43FF8792208524F005AB11F /* AppDelegate.swift */; };
		D43FF87C2208524F005AB11F /* GoalsVC.swift in Sources */ = {isa = PBXBuildFile; fileRef = D43FF87B2208524F005AB11F /* GoalsVC.swift */; };
		D43FF87F2208524F005AB11F /* Main.storyboard in Resources */ = {isa = PBXBuildFile; fileRef = D43FF87D2208524F005AB11F /* Main.storyboard */; };
		D43FF8822208524F005AB11F /* app_goalpost.xcdatamodeld in Sources */ = {isa = PBXBuildFile; fileRef = D43FF8802208524F005AB11F /* app_goalpost.xcdatamodeld */; };
		D43FF88422085251005AB11F /* Assets.xcassets in Resources */ = {isa = PBXBuildFile; fileRef = D43FF88322085251005AB11F /* Assets.xcassets */; };
		D43FF88722085251005AB11F /* LaunchScreen.storyboard in Resources */ = {isa = PBXBuildFile; fileRef = D43FF88522085251005AB11F /* LaunchScreen.storyboard */; };
		D43FF89422085B5B005AB11F /* GoalCell.swift in Sources */ = {isa = PBXBuildFile; fileRef = D43FF89322085B5B005AB11F /* GoalCell.swift */; };
		D43FF89622090E23005AB11F /* GoalType.swift in Sources */ = {isa = PBXBuildFile; fileRef = D43FF89522090E23005AB11F /* GoalType.swift */; };
		D43FF8982209124B005AB11F /* CreateGoalVC.swift in Sources */ = {isa = PBXBuildFile; fileRef = D43FF8972209124B005AB11F /* CreateGoalVC.swift */; };
		D43FF89A2209132F005AB11F /* VCExt.swift in Sources */ = {isa = PBXBuildFile; fileRef = D43FF8992209132F005AB11F /* VCExt.swift */; };
		D43FF89C220919CF005AB11F /* ViewExt.swift in Sources */ = {isa = PBXBuildFile; fileRef = D43FF89B220919CF005AB11F /* ViewExt.swift */; };
		D43FF89E22091DA4005AB11F /* ButtonExt.swift in Sources */ = {isa = PBXBuildFile; fileRef = D43FF89D22091DA4005AB11F /* ButtonExt.swift */; };
/* End PBXBuildFile section */

/* Begin PBXFileReference section */
		D43FF8762208524F005AB11F /* app-goalpost.app */ = {isa = PBXFileReference; explicitFileType = wrapper.application; includeInIndex = 0; path = "app-goalpost.app"; sourceTree = BUILT_PRODUCTS_DIR; };
		D43FF8792208524F005AB11F /* AppDelegate.swift */ = {isa = PBXFileReference; lastKnownFileType = sourcecode.swift; path = AppDelegate.swift; sourceTree = "<group>"; };
		D43FF87B2208524F005AB11F /* GoalsVC.swift */ = {isa = PBXFileReference; lastKnownFileType = sourcecode.swift; path = GoalsVC.swift; sourceTree = "<group>"; };
		D43FF87E2208524F005AB11F /* Base */ = {isa = PBXFileReference; lastKnownFileType = file.storyboard; name = Base; path = Base.lproj/Main.storyboard; sourceTree = "<group>"; };
		D43FF8812208524F005AB11F /* app_goalpost.xcdatamodel */ = {isa = PBXFileReference; lastKnownFileType = wrapper.xcdatamodel; path = app_goalpost.xcdatamodel; sourceTree = "<group>"; };
		D43FF88322085251005AB11F /* Assets.xcassets */ = {isa = PBXFileReference; lastKnownFileType = folder.assetcatalog; path = Assets.xcassets; sourceTree = "<group>"; };
		D43FF88622085251005AB11F /* Base */ = {isa = PBXFileReference; lastKnownFileType = file.storyboard; name = Base; path = Base.lproj/LaunchScreen.storyboard; sourceTree = "<group>"; };
		D43FF88822085251005AB11F /* Info.plist */ = {isa = PBXFileReference; lastKnownFileType = text.plist.xml; path = Info.plist; sourceTree = "<group>"; };
		D43FF89322085B5B005AB11F /* GoalCell.swift */ = {isa = PBXFileReference; lastKnownFileType = sourcecode.swift; path = GoalCell.swift; sourceTree = "<group>"; };
		D43FF89522090E23005AB11F /* GoalType.swift */ = {isa = PBXFileReference; lastKnownFileType = sourcecode.swift; path = GoalType.swift; sourceTree = "<group>"; };
		D43FF8972209124B005AB11F /* CreateGoalVC.swift */ = {isa = PBXFileReference; lastKnownFileType = sourcecode.swift; path = CreateGoalVC.swift; sourceTree = "<group>"; };
		D43FF8992209132F005AB11F /* VCExt.swift */ = {isa = PBXFileReference; lastKnownFileType = sourcecode.swift; path = VCExt.swift; sourceTree = "<group>"; };
		D43FF89B220919CF005AB11F /* ViewExt.swift */ = {isa = PBXFileReference; lastKnownFileType = sourcecode.swift; path = ViewExt.swift; sourceTree = "<group>"; };
		D43FF89D22091DA4005AB11F /* ButtonExt.swift */ = {isa = PBXFileReference; lastKnownFileType = sourcecode.swift; path = ButtonExt.swift; sourceTree = "<group>"; };
/* End PBXFileReference section */

/* Begin PBXFrameworksBuildPhase section */
		D43FF8732208524F005AB11F /* Frameworks */ = {
			isa = PBXFrameworksBuildPhase;
			buildActionMask = 2147483647;
			files = (
			);
			runOnlyForDeploymentPostprocessing = 0;
		};
/* End PBXFrameworksBuildPhase section */

/* Begin PBXGroup section */
		D43FF86D2208524F005AB11F = {
			isa = PBXGroup;
			children = (
				D43FF8782208524F005AB11F /* app-goalpost */,
				D43FF8772208524F005AB11F /* Products */,
			);
			sourceTree = "<group>";
		};
		D43FF8772208524F005AB11F /* Products */ = {
			isa = PBXGroup;
			children = (
				D43FF8762208524F005AB11F /* app-goalpost.app */,
			);
			name = Products;
			sourceTree = "<group>";
		};
		D43FF8782208524F005AB11F /* app-goalpost */ = {
			isa = PBXGroup;
			children = (
				D43FF89222085294005AB11F /* Extensions */,
				D43FF8912208528F005AB11F /* Enums */,
				D43FF8902208526B005AB11F /* View */,
				D43FF88E22085260005AB11F /* Controller */,
				D43FF8792208524F005AB11F /* AppDelegate.swift */,
				D43FF87D2208524F005AB11F /* Main.storyboard */,
				D43FF88322085251005AB11F /* Assets.xcassets */,
				D43FF88522085251005AB11F /* LaunchScreen.storyboard */,
				D43FF88822085251005AB11F /* Info.plist */,
				D43FF8802208524F005AB11F /* app_goalpost.xcdatamodeld */,
			);
			path = "app-goalpost";
			sourceTree = "<group>";
		};
		D43FF88E22085260005AB11F /* Controller */ = {
			isa = PBXGroup;
			children = (
				D43FF87B2208524F005AB11F /* GoalsVC.swift */,
				D43FF8972209124B005AB11F /* CreateGoalVC.swift */,
			);
			path = Controller;
			sourceTree = "<group>";
		};
		D43FF8902208526B005AB11F /* View */ = {
			isa = PBXGroup;
			children = (
				D43FF89322085B5B005AB11F /* GoalCell.swift */,
			);
			path = View;
			sourceTree = "<group>";
		};
		D43FF8912208528F005AB11F /* Enums */ = {
			isa = PBXGroup;
			children = (
				D43FF89522090E23005AB11F /* GoalType.swift */,
			);
			path = Enums;
			sourceTree = "<group>";
		};
		D43FF89222085294005AB11F /* Extensions */ = {
			isa = PBXGroup;
			children = (
				D43FF8992209132F005AB11F /* VCExt.swift */,
				D43FF89B220919CF005AB11F /* ViewExt.swift */,
				D43FF89D22091DA4005AB11F /* ButtonExt.swift */,
			);
			path = Extensions;
			sourceTree = "<group>";
		};
/* End PBXGroup section */

/* Begin PBXNativeTarget section */
		D43FF8752208524F005AB11F /* app-goalpost */ = {
			isa = PBXNativeTarget;
			buildConfigurationList = D43FF88B22085251005AB11F /* Build configuration list for PBXNativeTarget "app-goalpost" */;
			buildPhases = (
				D43FF8722208524F005AB11F /* Sources */,
				D43FF8732208524F005AB11F /* Frameworks */,
				D43FF8742208524F005AB11F /* Resources */,
			);
			buildRules = (
			);
			dependencies = (
			);
			name = "app-goalpost";
			productName = "app-goalpost";
			productReference = D43FF8762208524F005AB11F /* app-goalpost.app */;
			productType = "com.apple.product-type.application";
		};
/* End PBXNativeTarget section */

/* Begin PBXProject section */
		D43FF86E2208524F005AB11F /* Project object */ = {
			isa = PBXProject;
			attributes = {
				LastSwiftUpdateCheck = 1010;
				LastUpgradeCheck = 1010;
				ORGANIZATIONNAME = "Cody Philipp";
				TargetAttributes = {
					D43FF8752208524F005AB11F = {
						CreatedOnToolsVersion = 10.1;
					};
				};
			};
			buildConfigurationList = D43FF8712208524F005AB11F /* Build configuration list for PBXProject "app-goalpost" */;
			compatibilityVersion = "Xcode 9.3";
			developmentRegion = en;
			hasScannedForEncodings = 0;
			knownRegions = (
				en,
				Base,
			);
			mainGroup = D43FF86D2208524F005AB11F;
			productRefGroup = D43FF8772208524F005AB11F /* Products */;
			projectDirPath = "";
			projectRoot = "";
			targets = (
				D43FF8752208524F005AB11F /* app-goalpost */,
			);
		};
/* End PBXProject section */

/* Begin PBXResourcesBuildPhase section */
		D43FF8742208524F005AB11F /* Resources */ = {
			isa = PBXResourcesBuildPhase;
			buildActionMask = 2147483647;
			files = (
				D43FF88722085251005AB11F /* LaunchScreen.storyboard in Resources */,
				D43FF88422085251005AB11F /* Assets.xcassets in Resources */,
				D43FF87F2208524F005AB11F /* Main.storyboard in Resources */,
			);
			runOnlyForDeploymentPostprocessing = 0;
		};
/* End PBXResourcesBuildPhase section */

/* Begin PBXSourcesBuildPhase section */
		D43FF8722208524F005AB11F /* Sources */ = {
			isa = PBXSourcesBuildPhase;
			buildActionMask = 2147483647;
			files = (
				D43FF89422085B5B005AB11F /* GoalCell.swift in Sources */,
				D43FF8982209124B005AB11F /* CreateGoalVC.swift in Sources */,
				D43FF89622090E23005AB11F /* GoalType.swift in Sources */,
				D43FF8822208524F005AB11F /* app_goalpost.xcdatamodeld in Sources */,
				D43FF89C220919CF005AB11F /* ViewExt.swift in Sources */,
				D43FF89E22091DA4005AB11F /* ButtonExt.swift in Sources */,
				D43FF87C2208524F005AB11F /* GoalsVC.swift in Sources */,
				D43FF89A2209132F005AB11F /* VCExt.swift in Sources */,
				D43FF87A2208524F005AB11F /* AppDelegate.swift in Sources */,
			);
			runOnlyForDeploymentPostprocessing = 0;
		};
/* End PBXSourcesBuildPhase section */

/* Begin PBXVariantGroup section */
		D43FF87D2208524F005AB11F /* Main.storyboard */ = {
			isa = PBXVariantGroup;
			children = (
				D43FF87E2208524F005AB11F /* Base */,
			);
			name = Main.storyboard;
			sourceTree = "<group>";
		};
		D43FF88522085251005AB11F /* LaunchScreen.storyboard */ = {
			isa = PBXVariantGroup;
			children = (
				D43FF88622085251005AB11F /* Base */,
			);
			name = LaunchScreen.storyboard;
			sourceTree = "<group>";
		};
/* End PBXVariantGroup section */

/* Begin XCBuildConfiguration section */
		D43FF88922085251005AB11F /* Debug */ = {
			isa = XCBuildConfiguration;
			buildSettings = {
				ALWAYS_SEARCH_USER_PATHS = NO;
				CLANG_ANALYZER_NONNULL = YES;
				CLANG_ANALYZER_NUMBER_OBJECT_CONVERSION = YES_AGGRESSIVE;
				CLANG_CXX_LANGUAGE_STANDARD = "gnu++14";
				CLANG_CXX_LIBRARY = "libc++";
				CLANG_ENABLE_MODULES = YES;
				CLANG_ENABLE_OBJC_ARC = YES;
				CLANG_ENABLE_OBJC_WEAK = YES;
				CLANG_WARN_BLOCK_CAPTURE_AUTORELEASING = YES;
				CLANG_WARN_BOOL_CONVERSION = YES;
				CLANG_WARN_COMMA = YES;
				CLANG_WARN_CONSTANT_CONVERSION = YES;
				CLANG_WARN_DEPRECATED_OBJC_IMPLEMENTATIONS = YES;
				CLANG_WARN_DIRECT_OBJC_ISA_USAGE = YES_ERROR;
				CLANG_WARN_DOCUMENTATION_COMMENTS = YES;
				CLANG_WARN_EMPTY_BODY = YES;
				CLANG_WARN_ENUM_CONVERSION = YES;
				CLANG_WARN_INFINITE_RECURSION = YES;
				CLANG_WARN_INT_CONVERSION = YES;
				CLANG_WARN_NON_LITERAL_NULL_CONVERSION = YES;
				CLANG_WARN_OBJC_IMPLICIT_RETAIN_SELF = YES;
				CLANG_WARN_OBJC_LITERAL_CONVERSION = YES;
				CLANG_WARN_OBJC_ROOT_CLASS = YES_ERROR;
				CLANG_WARN_RANGE_LOOP_ANALYSIS = YES;
				CLANG_WARN_STRICT_PROTOTYPES = YES;
				CLANG_WARN_SUSPICIOUS_MOVE = YES;
				CLANG_WARN_UNGUARDED_AVAILABILITY = YES_AGGRESSIVE;
				CLANG_WARN_UNREACHABLE_CODE = YES;
				CLANG_WARN__DUPLICATE_METHOD_MATCH = YES;
				CODE_SIGN_IDENTITY = "iPhone Developer";
				COPY_PHASE_STRIP = NO;
				DEBUG_INFORMATION_FORMAT = dwarf;
				ENABLE_STRICT_OBJC_MSGSEND = YES;
				ENABLE_TESTABILITY = YES;
				GCC_C_LANGUAGE_STANDARD = gnu11;
				GCC_DYNAMIC_NO_PIC = NO;
				GCC_NO_COMMON_BLOCKS = YES;
				GCC_OPTIMIZATION_LEVEL = 0;
				GCC_PREPROCESSOR_DEFINITIONS = (
					"DEBUG=1",
					"$(inherited)",
				);
				GCC_WARN_64_TO_32_BIT_CONVERSION = YES;
				GCC_WARN_ABOUT_RETURN_TYPE = YES_ERROR;
				GCC_WARN_UNDECLARED_SELECTOR = YES;
				GCC_WARN_UNINITIALIZED_AUTOS = YES_AGGRESSIVE;
				GCC_WARN_UNUSED_FUNCTION = YES;
				GCC_WARN_UNUSED_VARIABLE = YES;
				IPHONEOS_DEPLOYMENT_TARGET = 12.1;
				MTL_ENABLE_DEBUG_INFO = INCLUDE_SOURCE;
				MTL_FAST_MATH = YES;
				ONLY_ACTIVE_ARCH = YES;
				SDKROOT = iphoneos;
				SWIFT_ACTIVE_COMPILATION_CONDITIONS = DEBUG;
				SWIFT_OPTIMIZATION_LEVEL = "-Onone";
			};
			name = Debug;
		};
		D43FF88A22085251005AB11F /* Release */ = {
			isa = XCBuildConfiguration;
			buildSettings = {
				ALWAYS_SEARCH_USER_PATHS = NO;
				CLANG_ANALYZER_NONNULL = YES;
				CLANG_ANALYZER_NUMBER_OBJECT_CONVERSION = YES_AGGRESSIVE;
				CLANG_CXX_LANGUAGE_STANDARD = "gnu++14";
				CLANG_CXX_LIBRARY = "libc++";
				CLANG_ENABLE_MODULES = YES;
				CLANG_ENABLE_OBJC_ARC = YES;
				CLANG_ENABLE_OBJC_WEAK = YES;
				CLANG_WARN_BLOCK_CAPTURE_AUTORELEASING = YES;
				CLANG_WARN_BOOL_CONVERSION = YES;
				CLANG_WARN_COMMA = YES;
				CLANG_WARN_CONSTANT_CONVERSION = YES;
				CLANG_WARN_DEPRECATED_OBJC_IMPLEMENTATIONS = YES;
				CLANG_WARN_DIRECT_OBJC_ISA_USAGE = YES_ERROR;
				CLANG_WARN_DOCUMENTATION_COMMENTS = YES;
				CLANG_WARN_EMPTY_BODY = YES;
				CLANG_WARN_ENUM_CONVERSION = YES;
				CLANG_WARN_INFINITE_RECURSION = YES;
				CLANG_WARN_INT_CONVERSION = YES;
				CLANG_WARN_NON_LITERAL_NULL_CONVERSION = YES;
				CLANG_WARN_OBJC_IMPLICIT_RETAIN_SELF = YES;
				CLANG_WARN_OBJC_LITERAL_CONVERSION = YES;
				CLANG_WARN_OBJC_ROOT_CLASS = YES_ERROR;
				CLANG_WARN_RANGE_LOOP_ANALYSIS = YES;
				CLANG_WARN_STRICT_PROTOTYPES = YES;
				CLANG_WARN_SUSPICIOUS_MOVE = YES;
				CLANG_WARN_UNGUARDED_AVAILABILITY = YES_AGGRESSIVE;
				CLANG_WARN_UNREACHABLE_CODE = YES;
				CLANG_WARN__DUPLICATE_METHOD_MATCH = YES;
				CODE_SIGN_IDENTITY = "iPhone Developer";
				COPY_PHASE_STRIP = NO;
				DEBUG_INFORMATION_FORMAT = "dwarf-with-dsym";
				ENABLE_NS_ASSERTIONS = NO;
				ENABLE_STRICT_OBJC_MSGSEND = YES;
				GCC_C_LANGUAGE_STANDARD = gnu11;
				GCC_NO_COMMON_BLOCKS = YES;
				GCC_WARN_64_TO_32_BIT_CONVERSION = YES;
				GCC_WARN_ABOUT_RETURN_TYPE = YES_ERROR;
				GCC_WARN_UNDECLARED_SELECTOR = YES;
				GCC_WARN_UNINITIALIZED_AUTOS = YES_AGGRESSIVE;
				GCC_WARN_UNUSED_FUNCTION = YES;
				GCC_WARN_UNUSED_VARIABLE = YES;
				IPHONEOS_DEPLOYMENT_TARGET = 12.1;
				MTL_ENABLE_DEBUG_INFO = NO;
				MTL_FAST_MATH = YES;
				SDKROOT = iphoneos;
				SWIFT_COMPILATION_MODE = wholemodule;
				SWIFT_OPTIMIZATION_LEVEL = "-O";
				VALIDATE_PRODUCT = YES;
			};
			name = Release;
		};
		D43FF88C22085251005AB11F /* Debug */ = {
			isa = XCBuildConfiguration;
			buildSettings = {
				ASSETCATALOG_COMPILER_APPICON_NAME = AppIcon;
				CODE_SIGN_STYLE = Automatic;
				DEVELOPMENT_TEAM = L8KYB6SDYC;
				INFOPLIST_FILE = "app-goalpost/Info.plist";
				LD_RUNPATH_SEARCH_PATHS = (
					"$(inherited)",
					"@executable_path/Frameworks",
				);
				PRODUCT_BUNDLE_IDENTIFIER = "com.codyp.app-goalpost";
				PRODUCT_NAME = "$(TARGET_NAME)";
				SWIFT_VERSION = 4.2;
				TARGETED_DEVICE_FAMILY = "1,2";
			};
			name = Debug;
		};
		D43FF88D22085251005AB11F /* Release */ = {
			isa = XCBuildConfiguration;
			buildSettings = {
				ASSETCATALOG_COMPILER_APPICON_NAME = AppIcon;
				CODE_SIGN_STYLE = Automatic;
				DEVELOPMENT_TEAM = L8KYB6SDYC;
				INFOPLIST_FILE = "app-goalpost/Info.plist";
				LD_RUNPATH_SEARCH_PATHS = (
					"$(inherited)",
					"@executable_path/Frameworks",
				);
				PRODUCT_BUNDLE_IDENTIFIER = "com.codyp.app-goalpost";
				PRODUCT_NAME = "$(TARGET_NAME)";
				SWIFT_VERSION = 4.2;
				TARGETED_DEVICE_FAMILY = "1,2";
			};
			name = Release;
		};
/* End XCBuildConfiguration section */

/* Begin XCConfigurationList section */
		D43FF8712208524F005AB11F /* Build configuration list for PBXProject "app-goalpost" */ = {
			isa = XCConfigurationList;
			buildConfigurations = (
				D43FF88922085251005AB11F /* Debug */,
				D43FF88A22085251005AB11F /* Release */,
			);
			defaultConfigurationIsVisible = 0;
			defaultConfigurationName = Release;
		};
		D43FF88B22085251005AB11F /* Build configuration list for PBXNativeTarget "app-goalpost" */ = {
			isa = XCConfigurationList;
			buildConfigurations = (
				D43FF88C22085251005AB11F /* Debug */,
				D43FF88D22085251005AB11F /* Release */,
			);
			defaultConfigurationIsVisible = 0;
			defaultConfigurationName = Release;
		};
/* End XCConfigurationList section */

/* Begin XCVersionGroup section */
		D43FF8802208524F005AB11F /* app_goalpost.xcdatamodeld */ = {
			isa = XCVersionGroup;
			children = (
				D43FF8812208524F005AB11F /* app_goalpost.xcdatamodel */,
			);
			currentVersion = D43FF8812208524F005AB11F /* app_goalpost.xcdatamodel */;
			path = app_goalpost.xcdatamodeld;
			sourceTree = "<group>";
			versionGroupType = wrapper.xcdatamodel;
		};
/* End XCVersionGroup section */
	};
	rootObject = D43FF86E2208524F005AB11F /* Project object */;
}
